
Microsoft Visual Studio Solution File, Format Version 12.00
# Visual Studio Version 17
VisualStudioVersion = 17.6.33723.286
MinimumVisualStudioVersion = 10.0.40219.1
Project("{FAE04EC0-301F-11D3-BF4B-00C04F79EFBC}") = "RazorPagesBookStore", "RazorPagesBookStore.csproj", "{B89F5488-F971-4E2D-AAC0-E4466F143006}"
EndProject
Global
	GlobalSection(SolutionConfigurationPlatforms) = preSolution
		Debug|Any CPU = Debug|Any CPU
		Release|Any CPU = Release|Any CPU
	EndGlobalSection
	GlobalSection(ProjectConfigurationPlatforms) = postSolution
		{B89F5488-F971-4E2D-AAC0-E4466F143006}.Debug|Any CPU.ActiveCfg = Debug|Any CPU
		{B89F5488-F971-4E2D-AAC0-E4466F143006}.Debug|Any CPU.Build.0 = Debug|Any CPU
		{B89F5488-F971-4E2D-AAC0-E4466F143006}.Release|Any CPU.ActiveCfg = Release|Any CPU
		{B89F5488-F971-4E2D-AAC0-E4466F143006}.Release|Any CPU.Build.0 = Release|Any CPU
	EndGlobalSection
	GlobalSection(SolutionProperties) = preSolution
		HideSolutionNode = FALSE
	EndGlobalSection
	GlobalSection(ExtensibilityGlobals) = postSolution
		SolutionGuid = {32FF5ECC-0C19-431A-BD5F-89590A90E3A7}
	EndGlobalSection
EndGlobal
